
Microsoft Visual Studio Solution File, Format Version 12.00
# Visual Studio 15
VisualStudioVersion = 15.0.26730.10
MinimumVisualStudioVersion = 10.0.40219.1
Project("{FAE04EC0-301F-11D3-BF4B-00C04F79EFBC}") = "admin", "admin\admin.csproj", "{947AC4A7-F38E-475D-8756-7FF0757BB8D3}"
EndProject
Global
	GlobalSection(SolutionConfigurationPlatforms) = preSolution
		Debug|Any CPU = Debug|Any CPU
		Release|Any CPU = Release|Any CPU
	EndGlobalSection
	GlobalSection(ProjectConfigurationPlatforms) = postSolution
		{947AC4A7-F38E-475D-8756-7FF0757BB8D3}.Debug|Any CPU.ActiveCfg = Debug|Any CPU
		{947AC4A7-F38E-475D-8756-7FF0757BB8D3}.Debug|Any CPU.Build.0 = Debug|Any CPU
		{947AC4A7-F38E-475D-8756-7FF0757BB8D3}.Release|Any CPU.ActiveCfg = Release|Any CPU
		{947AC4A7-F38E-475D-8756-7FF0757BB8D3}.Release|Any CPU.Build.0 = Release|Any CPU
	EndGlobalSection
	GlobalSection(SolutionProperties) = preSolution
		HideSolutionNode = FALSE
	EndGlobalSection
	GlobalSection(ExtensibilityGlobals) = postSolution
		SolutionGuid = {919DDC77-9809-43E8-9D11-816BBA2A42D9}
	EndGlobalSection
EndGlobal
